// !$*UTF8*$!
{
	archiveVersion = 1;
	classes = {
	};
	objectVersion = 63;
	objects = {

/* Begin PBXBuildFile section */
		0356F0BD43AC5CA9BCD37382 /* JournalEntryModel.swift in Sources */ = {isa = PBXBuildFile; fileRef = D5338A9AE0FA49BEA5BCBDCE /* JournalEntryModel.swift */; };
		10C5DACE3FDBBF94D5461E0B /* JournalEntry.swift in Sources */ = {isa = PBXBuildFile; fileRef = 1D043CAA519FE38B425221A5 /* JournalEntry.swift */; };
		1DEAF4CDBFA2A86217A60CB4 /* BottomTabBar.swift in Sources */ = {isa = PBXBuildFile; fileRef = 64B69376EE87B242296D81C7 /* BottomTabBar.swift */; };
		1F5BC73ABA770D721A2A13FA /* BottomTabBarView.swift in Sources */ = {isa = PBXBuildFile; fileRef = 11334D95A1873275458B0B06 /* BottomTabBarView.swift */; };
		1FD6D95270937DB42B5AB669 /* LaunchScreen.storyboard in Resources */ = {isa = PBXBuildFile; fileRef = 2830958A0A0E5FF0E562A43F /* LaunchScreen.storyboard */; };
		1FDC300142180B1202A177CA /* TimelineViewModel.swift in Sources */ = {isa = PBXBuildFile; fileRef = 48B81DCC10B52761453AA7B0 /* TimelineViewModel.swift */; };
		25C7303566E34C61F9C3D370 /* CoreDataManager.swift in Sources */ = {isa = PBXBuildFile; fileRef = 6D37AEC1B6DB3B4001FF8C41 /* CoreDataManager.swift */; };
		2709F4AD6FE35E41A6BDB4EE /* JournalEntry+CoreData.swift in Sources */ = {isa = PBXBuildFile; fileRef = B79F20EDBB669CCF60755792 /* JournalEntry+CoreData.swift */; };
		31DE1C9CFD508481DCC1A60A /* AuthManager.swift in Sources */ = {isa = PBXBuildFile; fileRef = 944CAEED07BA9D5325BC24D8 /* AuthManager.swift */; };
		32CA120DB8007B1EEA7B4523 /* DummyData.swift in Sources */ = {isa = PBXBuildFile; fileRef = 82F60130F5102938817ADDA5 /* DummyData.swift */; };
		34B3EBA80D7AAA9692FABB57 /* LegacyTopBarView.swift in Sources */ = {isa = PBXBuildFile; fileRef = 0ABA98490A44619EFADCFD46 /* LegacyTopBarView.swift */; };
		44D60BB43668ED81EC8A8E28 /* JournalEntryCard.swift in Sources */ = {isa = PBXBuildFile; fileRef = 1E596A3B26DAAF73BABFD411 /* JournalEntryCard.swift */; };
		44FC068E7B24F9DE6ABC4572 /* SettingsView.swift in Sources */ = {isa = PBXBuildFile; fileRef = EC01C35A70A9C7BEB944E2E3 /* SettingsView.swift */; };
		4C1F932CD09F8B731EF1B201 /* LockScreenView.swift in Sources */ = {isa = PBXBuildFile; fileRef = 086336084C22FCF9729323D2 /* LockScreenView.swift */; };
		66310725DB142582F742A14A /* Assets.xcassets in Resources */ = {isa = PBXBuildFile; fileRef = 0B232A05A76DE1F4964272CD /* Assets.xcassets */; };
		665508531C730636745716FF /* AddEditEntryView.swift in Sources */ = {isa = PBXBuildFile; fileRef = 23274B7ED453025F8F14012A /* AddEditEntryView.swift */; };
		76E823187DE95F5A91B88A56 /* ParticleOverlay.swift in Sources */ = {isa = PBXBuildFile; fileRef = DF4F0687CEA28BB89A24558C /* ParticleOverlay.swift */; };
		7F47C3C27E65997CC032228A /* MediaPreviewView.swift in Sources */ = {isa = PBXBuildFile; fileRef = 57CFB2E047EF72D54EE11836 /* MediaPreviewView.swift */; };
		92CA7F0EB37BF1A0FF0C6442 /* TimelineView.swift in Sources */ = {isa = PBXBuildFile; fileRef = 7CCAF23C83459333F55802BA /* TimelineView.swift */; };
		9D1B21CE59526F265807C07C /* LogEntryView.swift in Sources */ = {isa = PBXBuildFile; fileRef = AE0E0079E2F4FABF29046C64 /* LogEntryView.swift */; };
		9E0F3C5173CBFDF223D3B322 /* CoreDataTimelineView.swift in Sources */ = {isa = PBXBuildFile; fileRef = D2FE1DEC94F7DFB93FB338A7 /* CoreDataTimelineView.swift */; };
		A789443E29E90D84ECF878F9 /* TutorialView.swift in Sources */ = {isa = PBXBuildFile; fileRef = C8C7082CAD62914A66E83F4E /* TutorialView.swift */; };
		BAF51BEF70919972E780E57B /* App.swift in Sources */ = {isa = PBXBuildFile; fileRef = 9D0E14E5C9CC4F5D01B703DE /* App.swift */; };
		BB8A16155628077BD798A1E6 /* FirstLaunchGateView.swift in Sources */ = {isa = PBXBuildFile; fileRef = 75C0350A70CA2F562CEF70E4 /* FirstLaunchGateView.swift */; };
		C7AFACC57F5CA6F8D0C911BA /* TopBarView.swift in Sources */ = {isa = PBXBuildFile; fileRef = 7B72418E28E6479FDA3D6DBD /* TopBarView.swift */; };
		C829947B1811B256A314FD46 /* PDFExportService.swift in Sources */ = {isa = PBXBuildFile; fileRef = 33933D6247F4454C520F5AAD /* PDFExportService.swift */; };
		D0A4D8DF96AA3A4DE423CA5A /* AudioQuality.swift in Sources */ = {isa = PBXBuildFile; fileRef = 065881843D3E711325F0C754 /* AudioQuality.swift */; };
		DF2ACD0A7728672028A03413 /* MoodInsightsView.swift in Sources */ = {isa = PBXBuildFile; fileRef = 46A34130560E6EEBDEE29345 /* MoodInsightsView.swift */; };
		F38406B93C010974A8D6001E /* ThemeColors.swift in Sources */ = {isa = PBXBuildFile; fileRef = 4B5B82C2CE9B3E1DCE6D488E /* ThemeColors.swift */; };
/* End PBXBuildFile section */

/* Begin PBXFileReference section */
		065881843D3E711325F0C754 /* AudioQuality.swift */ = {isa = PBXFileReference; lastKnownFileType = sourcecode.swift; path = AudioQuality.swift; sourceTree = "<group>"; };
		086336084C22FCF9729323D2 /* LockScreenView.swift */ = {isa = PBXFileReference; lastKnownFileType = sourcecode.swift; path = LockScreenView.swift; sourceTree = "<group>"; };
		0ABA98490A44619EFADCFD46 /* LegacyTopBarView.swift */ = {isa = PBXFileReference; lastKnownFileType = sourcecode.swift; path = LegacyTopBarView.swift; sourceTree = "<group>"; };
		0B232A05A76DE1F4964272CD /* Assets.xcassets */ = {isa = PBXFileReference; lastKnownFileType = folder.assetcatalog; path = Assets.xcassets; sourceTree = "<group>"; };
		11334D95A1873275458B0B06 /* BottomTabBarView.swift */ = {isa = PBXFileReference; lastKnownFileType = sourcecode.swift; path = BottomTabBarView.swift; sourceTree = "<group>"; };
		1D043CAA519FE38B425221A5 /* JournalEntry.swift */ = {isa = PBXFileReference; lastKnownFileType = sourcecode.swift; path = JournalEntry.swift; sourceTree = "<group>"; };
		1E596A3B26DAAF73BABFD411 /* JournalEntryCard.swift */ = {isa = PBXFileReference; lastKnownFileType = sourcecode.swift; path = JournalEntryCard.swift; sourceTree = "<group>"; };
		23274B7ED453025F8F14012A /* AddEditEntryView.swift */ = {isa = PBXFileReference; lastKnownFileType = sourcecode.swift; path = AddEditEntryView.swift; sourceTree = "<group>"; };
		33933D6247F4454C520F5AAD /* PDFExportService.swift */ = {isa = PBXFileReference; lastKnownFileType = sourcecode.swift; path = PDFExportService.swift; sourceTree = "<group>"; };
		46A34130560E6EEBDEE29345 /* MoodInsightsView.swift */ = {isa = PBXFileReference; lastKnownFileType = sourcecode.swift; path = MoodInsightsView.swift; sourceTree = "<group>"; };
		48B81DCC10B52761453AA7B0 /* TimelineViewModel.swift */ = {isa = PBXFileReference; lastKnownFileType = sourcecode.swift; path = TimelineViewModel.swift; sourceTree = "<group>"; };
		4B5B82C2CE9B3E1DCE6D488E /* ThemeColors.swift */ = {isa = PBXFileReference; lastKnownFileType = sourcecode.swift; path = ThemeColors.swift; sourceTree = "<group>"; };
		57CFB2E047EF72D54EE11836 /* MediaPreviewView.swift */ = {isa = PBXFileReference; lastKnownFileType = sourcecode.swift; path = MediaPreviewView.swift; sourceTree = "<group>"; };
		64B69376EE87B242296D81C7 /* BottomTabBar.swift */ = {isa = PBXFileReference; lastKnownFileType = sourcecode.swift; path = BottomTabBar.swift; sourceTree = "<group>"; };
		6D37AEC1B6DB3B4001FF8C41 /* CoreDataManager.swift */ = {isa = PBXFileReference; lastKnownFileType = sourcecode.swift; path = CoreDataManager.swift; sourceTree = "<group>"; };
		75C0350A70CA2F562CEF70E4 /* FirstLaunchGateView.swift */ = {isa = PBXFileReference; lastKnownFileType = sourcecode.swift; path = FirstLaunchGateView.swift; sourceTree = "<group>"; };
		7B72418E28E6479FDA3D6DBD /* TopBarView.swift */ = {isa = PBXFileReference; lastKnownFileType = sourcecode.swift; path = TopBarView.swift; sourceTree = "<group>"; };
		7CCAF23C83459333F55802BA /* TimelineView.swift */ = {isa = PBXFileReference; lastKnownFileType = sourcecode.swift; path = TimelineView.swift; sourceTree = "<group>"; };
		82F60130F5102938817ADDA5 /* DummyData.swift */ = {isa = PBXFileReference; lastKnownFileType = sourcecode.swift; path = DummyData.swift; sourceTree = "<group>"; };
		944CAEED07BA9D5325BC24D8 /* AuthManager.swift */ = {isa = PBXFileReference; lastKnownFileType = sourcecode.swift; path = AuthManager.swift; sourceTree = "<group>"; };
		9D0E14E5C9CC4F5D01B703DE /* App.swift */ = {isa = PBXFileReference; lastKnownFileType = sourcecode.swift; path = App.swift; sourceTree = "<group>"; };
		A39566615193E1BA967D8D79 /* LoopJournal.entitlements */ = {isa = PBXFileReference; lastKnownFileType = text.plist.entitlements; path = LoopJournal.entitlements; sourceTree = "<group>"; };
		A6B2A6AC57CA445E11EC11F1 /* Info.plist */ = {isa = PBXFileReference; lastKnownFileType = text.plist; path = Info.plist; sourceTree = "<group>"; };
		AD079ACB210E60E1D70A66B6 /* LoopJournal.app */ = {isa = PBXFileReference; explicitFileType = wrapper.application; includeInIndex = 0; path = LoopJournal.app; sourceTree = BUILT_PRODUCTS_DIR; };
		AE0E0079E2F4FABF29046C64 /* LogEntryView.swift */ = {isa = PBXFileReference; lastKnownFileType = sourcecode.swift; path = LogEntryView.swift; sourceTree = "<group>"; };
		B79F20EDBB669CCF60755792 /* JournalEntry+CoreData.swift */ = {isa = PBXFileReference; lastKnownFileType = sourcecode.swift; path = "JournalEntry+CoreData.swift"; sourceTree = "<group>"; };
		C8C7082CAD62914A66E83F4E /* TutorialView.swift */ = {isa = PBXFileReference; lastKnownFileType = sourcecode.swift; path = TutorialView.swift; sourceTree = "<group>"; };
		D2FE1DEC94F7DFB93FB338A7 /* CoreDataTimelineView.swift */ = {isa = PBXFileReference; lastKnownFileType = sourcecode.swift; path = CoreDataTimelineView.swift; sourceTree = "<group>"; };
		D4F11F1F5005BA464D44A6AD /* Base */ = {isa = PBXFileReference; lastKnownFileType = file.storyboard; name = Base; path = Base.lproj/LaunchScreen.storyboard; sourceTree = "<group>"; };
		D5338A9AE0FA49BEA5BCBDCE /* JournalEntryModel.swift */ = {isa = PBXFileReference; lastKnownFileType = sourcecode.swift; path = JournalEntryModel.swift; sourceTree = "<group>"; };
		DF4F0687CEA28BB89A24558C /* ParticleOverlay.swift */ = {isa = PBXFileReference; lastKnownFileType = sourcecode.swift; path = ParticleOverlay.swift; sourceTree = "<group>"; };
		EC01C35A70A9C7BEB944E2E3 /* SettingsView.swift */ = {isa = PBXFileReference; lastKnownFileType = sourcecode.swift; path = SettingsView.swift; sourceTree = "<group>"; };
/* End PBXFileReference section */

/* Begin PBXGroup section */
		51B3064A77E0C8C9A4C56A10 /* Services */ = {
			isa = PBXGroup;
			children = (
				944CAEED07BA9D5325BC24D8 /* AuthManager.swift */,
				6D37AEC1B6DB3B4001FF8C41 /* CoreDataManager.swift */,
				33933D6247F4454C520F5AAD /* PDFExportService.swift */,
			);
			path = Services;
			sourceTree = "<group>";
		};
		72CE04E2925D73B7048E9AE9 = {
			isa = PBXGroup;
			children = (
				B02AD8EDD3CFBCE8F92C5CC3 /* LoopJournal */,
				B20013451D88E1915AB17A23 /* Products */,
			);
			sourceTree = "<group>";
		};
		AB5510EE2CFC16729688AEAE /* Views */ = {
			isa = PBXGroup;
			children = (
				23274B7ED453025F8F14012A /* AddEditEntryView.swift */,
				11334D95A1873275458B0B06 /* BottomTabBarView.swift */,
				D2FE1DEC94F7DFB93FB338A7 /* CoreDataTimelineView.swift */,
				75C0350A70CA2F562CEF70E4 /* FirstLaunchGateView.swift */,
				1E596A3B26DAAF73BABFD411 /* JournalEntryCard.swift */,
				0ABA98490A44619EFADCFD46 /* LegacyTopBarView.swift */,
				AE0E0079E2F4FABF29046C64 /* LogEntryView.swift */,
				46A34130560E6EEBDEE29345 /* MoodInsightsView.swift */,
				EC01C35A70A9C7BEB944E2E3 /* SettingsView.swift */,
				7CCAF23C83459333F55802BA /* TimelineView.swift */,
				C8C7082CAD62914A66E83F4E /* TutorialView.swift */,
				B8B1BB7DCDEFA74A56A1FEA3 /* Components */,
			);
			path = Views;
			sourceTree = "<group>";
		};
		B02AD8EDD3CFBCE8F92C5CC3 /* LoopJournal */ = {
			isa = PBXGroup;
			children = (
				9D0E14E5C9CC4F5D01B703DE /* App.swift */,
				0B232A05A76DE1F4964272CD /* Assets.xcassets */,
				A6B2A6AC57CA445E11EC11F1 /* Info.plist */,
				2830958A0A0E5FF0E562A43F /* LaunchScreen.storyboard */,
				A39566615193E1BA967D8D79 /* LoopJournal.entitlements */,
				CD3983A8BEAC72AAFEFD2C16 /* Assets */,
				B9352165DECEF31FAF867A69 /* Models */,
				51B3064A77E0C8C9A4C56A10 /* Services */,
				D10B5644BCC9D4A0A3DC3EE2 /* ViewModels */,
				AB5510EE2CFC16729688AEAE /* Views */,
			);
			path = LoopJournal;
			sourceTree = "<group>";
		};
		B20013451D88E1915AB17A23 /* Products */ = {
			isa = PBXGroup;
			children = (
				AD079ACB210E60E1D70A66B6 /* LoopJournal.app */,
			);
			name = Products;
			sourceTree = "<group>";
		};
		B8B1BB7DCDEFA74A56A1FEA3 /* Components */ = {
			isa = PBXGroup;
			children = (
				64B69376EE87B242296D81C7 /* BottomTabBar.swift */,
				086336084C22FCF9729323D2 /* LockScreenView.swift */,
				57CFB2E047EF72D54EE11836 /* MediaPreviewView.swift */,
				DF4F0687CEA28BB89A24558C /* ParticleOverlay.swift */,
				7B72418E28E6479FDA3D6DBD /* TopBarView.swift */,
			);
			path = Components;
			sourceTree = "<group>";
		};
		B9352165DECEF31FAF867A69 /* Models */ = {
			isa = PBXGroup;
			children = (
				065881843D3E711325F0C754 /* AudioQuality.swift */,
				82F60130F5102938817ADDA5 /* DummyData.swift */,
				1D043CAA519FE38B425221A5 /* JournalEntry.swift */,
				B79F20EDBB669CCF60755792 /* JournalEntry+CoreData.swift */,
				D5338A9AE0FA49BEA5BCBDCE /* JournalEntryModel.swift */,
				4B5B82C2CE9B3E1DCE6D488E /* ThemeColors.swift */,
			);
			path = Models;
			sourceTree = "<group>";
		};
		CD3983A8BEAC72AAFEFD2C16 /* Assets */ = {
			isa = PBXGroup;
			children = (
			);
			path = Assets;
			sourceTree = "<group>";
		};
		D10B5644BCC9D4A0A3DC3EE2 /* ViewModels */ = {
			isa = PBXGroup;
			children = (
				48B81DCC10B52761453AA7B0 /* TimelineViewModel.swift */,
			);
			path = ViewModels;
			sourceTree = "<group>";
		};
/* End PBXGroup section */

/* Begin PBXNativeTarget section */
		A7651AF5035918044CADA6DE /* LoopJournal */ = {
			isa = PBXNativeTarget;
			buildConfigurationList = 1B2839222490F8D7336BECDE /* Build configuration list for PBXNativeTarget "LoopJournal" */;
			buildPhases = (
				C84DA30B1D7E4A288B0E67CA /* Sources */,
				B4845E6E682DDC5D4323CE5A /* Resources */,
			);
			buildRules = (
			);
			dependencies = (
			);
			name = LoopJournal;
			packageProductDependencies = (
			);
			productName = LoopJournal;
			productReference = AD079ACB210E60E1D70A66B6 /* LoopJournal.app */;
			productType = "com.apple.product-type.application";
		};
/* End PBXNativeTarget section */

/* Begin PBXProject section */
		46F4038BE09807297FF81302 /* Project object */ = {
			isa = PBXProject;
			attributes = {
				BuildIndependentTargetsInParallel = YES;
				LastUpgradeCheck = 1500;
				TargetAttributes = {
					A7651AF5035918044CADA6DE = {
						ProvisioningStyle = Automatic;
					};
				};
			};
			buildConfigurationList = D00F9366F8768A706124CE12 /* Build configuration list for PBXProject "LoopJournal" */;
			compatibilityVersion = "Xcode 14.0";
			developmentRegion = en;
			hasScannedForEncodings = 0;
			knownRegions = (
				Base,
				en,
			);
			mainGroup = 72CE04E2925D73B7048E9AE9;
			minimizedProjectReferenceProxies = 1;
			projectDirPath = "";
			projectRoot = "";
			targets = (
				A7651AF5035918044CADA6DE /* LoopJournal */,
			);
		};
/* End PBXProject section */

/* Begin PBXResourcesBuildPhase section */
		B4845E6E682DDC5D4323CE5A /* Resources */ = {
			isa = PBXResourcesBuildPhase;
			buildActionMask = 2147483647;
			files = (
				66310725DB142582F742A14A /* Assets.xcassets in Resources */,
				1FD6D95270937DB42B5AB669 /* LaunchScreen.storyboard in Resources */,
			);
			runOnlyForDeploymentPostprocessing = 0;
		};
/* End PBXResourcesBuildPhase section */

/* Begin PBXSourcesBuildPhase section */
		C84DA30B1D7E4A288B0E67CA /* Sources */ = {
			isa = PBXSourcesBuildPhase;
			buildActionMask = 2147483647;
			files = (
				665508531C730636745716FF /* AddEditEntryView.swift in Sources */,
				BAF51BEF70919972E780E57B /* App.swift in Sources */,
				D0A4D8DF96AA3A4DE423CA5A /* AudioQuality.swift in Sources */,
				31DE1C9CFD508481DCC1A60A /* AuthManager.swift in Sources */,
				1DEAF4CDBFA2A86217A60CB4 /* BottomTabBar.swift in Sources */,
				1F5BC73ABA770D721A2A13FA /* BottomTabBarView.swift in Sources */,
				25C7303566E34C61F9C3D370 /* CoreDataManager.swift in Sources */,
				9E0F3C5173CBFDF223D3B322 /* CoreDataTimelineView.swift in Sources */,
				32CA120DB8007B1EEA7B4523 /* DummyData.swift in Sources */,
				BB8A16155628077BD798A1E6 /* FirstLaunchGateView.swift in Sources */,
				2709F4AD6FE35E41A6BDB4EE /* JournalEntry+CoreData.swift in Sources */,
				10C5DACE3FDBBF94D5461E0B /* JournalEntry.swift in Sources */,
				44D60BB43668ED81EC8A8E28 /* JournalEntryCard.swift in Sources */,
				0356F0BD43AC5CA9BCD37382 /* JournalEntryModel.swift in Sources */,
				34B3EBA80D7AAA9692FABB57 /* LegacyTopBarView.swift in Sources */,
				4C1F932CD09F8B731EF1B201 /* LockScreenView.swift in Sources */,
				9D1B21CE59526F265807C07C /* LogEntryView.swift in Sources */,
				7F47C3C27E65997CC032228A /* MediaPreviewView.swift in Sources */,
				DF2ACD0A7728672028A03413 /* MoodInsightsView.swift in Sources */,
				C829947B1811B256A314FD46 /* PDFExportService.swift in Sources */,
				76E823187DE95F5A91B88A56 /* ParticleOverlay.swift in Sources */,
				44FC068E7B24F9DE6ABC4572 /* SettingsView.swift in Sources */,
				F38406B93C010974A8D6001E /* ThemeColors.swift in Sources */,
				92CA7F0EB37BF1A0FF0C6442 /* TimelineView.swift in Sources */,
				1FDC300142180B1202A177CA /* TimelineViewModel.swift in Sources */,
				C7AFACC57F5CA6F8D0C911BA /* TopBarView.swift in Sources */,
				A789443E29E90D84ECF878F9 /* TutorialView.swift in Sources */,
			);
			runOnlyForDeploymentPostprocessing = 0;
		};
/* End PBXSourcesBuildPhase section */

/* Begin PBXVariantGroup section */
		2830958A0A0E5FF0E562A43F /* LaunchScreen.storyboard */ = {
			isa = PBXVariantGroup;
			children = (
				D4F11F1F5005BA464D44A6AD /* Base */,
			);
			name = LaunchScreen.storyboard;
			sourceTree = "<group>";
		};
/* End PBXVariantGroup section */

/* Begin XCBuildConfiguration section */
		221A6DB2402308C07D7471E1 /* Debug */ = {
			isa = XCBuildConfiguration;
			buildSettings = {
				ALWAYS_SEARCH_USER_PATHS = NO;
				CLANG_ANALYZER_NONNULL = YES;
				CLANG_ANALYZER_NUMBER_OBJECT_CONVERSION = YES_AGGRESSIVE;
				CLANG_CXX_LANGUAGE_STANDARD = "gnu++14";
				CLANG_CXX_LIBRARY = "libc++";
				CLANG_ENABLE_MODULES = YES;
				CLANG_ENABLE_OBJC_ARC = YES;
				CLANG_ENABLE_OBJC_WEAK = YES;
				CLANG_WARN_BLOCK_CAPTURE_AUTORELEASING = YES;
				CLANG_WARN_BOOL_CONVERSION = YES;
				CLANG_WARN_COMMA = YES;
				CLANG_WARN_CONSTANT_CONVERSION = YES;
				CLANG_WARN_DEPRECATED_OBJC_IMPLEMENTATIONS = YES;
				CLANG_WARN_DIRECT_OBJC_ISA_USAGE = YES_ERROR;
				CLANG_WARN_DOCUMENTATION_COMMENTS = YES;
				CLANG_WARN_EMPTY_BODY = YES;
				CLANG_WARN_ENUM_CONVERSION = YES;
				CLANG_WARN_INFINITE_RECURSION = YES;
				CLANG_WARN_INT_CONVERSION = YES;
				CLANG_WARN_NON_LITERAL_NULL_CONVERSION = YES;
				CLANG_WARN_OBJC_IMPLICIT_RETAIN_SELF = YES;
				CLANG_WARN_OBJC_LITERAL_CONVERSION = YES;
				CLANG_WARN_OBJC_ROOT_CLASS = YES_ERROR;
				CLANG_WARN_QUOTED_INCLUDE_IN_FRAMEWORK_HEADER = YES;
				CLANG_WARN_RANGE_LOOP_ANALYSIS = YES;
				CLANG_WARN_STRICT_PROTOTYPES = YES;
				CLANG_WARN_SUSPICIOUS_MOVE = YES;
				CLANG_WARN_UNGUARDED_AVAILABILITY = YES_AGGRESSIVE;
				CLANG_WARN_UNREACHABLE_CODE = YES;
				CLANG_WARN__DUPLICATE_METHOD_MATCH = YES;
				CODE_SIGN_STYLE = Automatic;
				COPY_PHASE_STRIP = NO;
				CURRENT_PROJECT_VERSION = 1;
				DEBUG_INFORMATION_FORMAT = dwarf;
				DEVELOPMENT_TEAM = "";
				ENABLE_STRICT_OBJC_MSGSEND = YES;
				ENABLE_TESTABILITY = YES;
				ENABLE_USER_SCRIPT_SANDBOXING = NO;
				GCC_C_LANGUAGE_STANDARD = gnu11;
				GCC_DYNAMIC_NO_PIC = NO;
				GCC_NO_COMMON_BLOCKS = YES;
				GCC_OPTIMIZATION_LEVEL = 0;
				GCC_PREPROCESSOR_DEFINITIONS = (
					"$(inherited)",
					"DEBUG=1",
				);
				GCC_WARN_64_TO_32_BIT_CONVERSION = YES;
				GCC_WARN_ABOUT_RETURN_TYPE = YES_ERROR;
				GCC_WARN_UNDECLARED_SELECTOR = YES;
				GCC_WARN_UNINITIALIZED_AUTOS = YES_AGGRESSIVE;
				GCC_WARN_UNUSED_FUNCTION = YES;
				GCC_WARN_UNUSED_VARIABLE = YES;
				IPHONEOS_DEPLOYMENT_TARGET = 17.0;
				MARKETING_VERSION = 1.0.0;
				MTL_ENABLE_DEBUG_INFO = INCLUDE_SOURCE;
				MTL_FAST_MATH = YES;
				ONLY_ACTIVE_ARCH = YES;
				PRODUCT_NAME = "$(TARGET_NAME)";
				SDKROOT = iphoneos;
				SWIFT_ACTIVE_COMPILATION_CONDITIONS = DEBUG;
				SWIFT_OPTIMIZATION_LEVEL = "-Onone";
				SWIFT_VERSION = 5.9;
			};
			name = Debug;
		};
		35332F73911B89817A4C1475 /* Release */ = {
			isa = XCBuildConfiguration;
			buildSettings = {
				ALWAYS_SEARCH_USER_PATHS = NO;
				CLANG_ANALYZER_NONNULL = YES;
				CLANG_ANALYZER_NUMBER_OBJECT_CONVERSION = YES_AGGRESSIVE;
				CLANG_CXX_LANGUAGE_STANDARD = "gnu++14";
				CLANG_CXX_LIBRARY = "libc++";
				CLANG_ENABLE_MODULES = YES;
				CLANG_ENABLE_OBJC_ARC = YES;
				CLANG_ENABLE_OBJC_WEAK = YES;
				CLANG_WARN_BLOCK_CAPTURE_AUTORELEASING = YES;
				CLANG_WARN_BOOL_CONVERSION = YES;
				CLANG_WARN_COMMA = YES;
				CLANG_WARN_CONSTANT_CONVERSION = YES;
				CLANG_WARN_DEPRECATED_OBJC_IMPLEMENTATIONS = YES;
				CLANG_WARN_DIRECT_OBJC_ISA_USAGE = YES_ERROR;
				CLANG_WARN_DOCUMENTATION_COMMENTS = YES;
				CLANG_WARN_EMPTY_BODY = YES;
				CLANG_WARN_ENUM_CONVERSION = YES;
				CLANG_WARN_INFINITE_RECURSION = YES;
				CLANG_WARN_INT_CONVERSION = YES;
				CLANG_WARN_NON_LITERAL_NULL_CONVERSION = YES;
				CLANG_WARN_OBJC_IMPLICIT_RETAIN_SELF = YES;
				CLANG_WARN_OBJC_LITERAL_CONVERSION = YES;
				CLANG_WARN_OBJC_ROOT_CLASS = YES_ERROR;
				CLANG_WARN_QUOTED_INCLUDE_IN_FRAMEWORK_HEADER = YES;
				CLANG_WARN_RANGE_LOOP_ANALYSIS = YES;
				CLANG_WARN_STRICT_PROTOTYPES = YES;
				CLANG_WARN_SUSPICIOUS_MOVE = YES;
				CLANG_WARN_UNGUARDED_AVAILABILITY = YES_AGGRESSIVE;
				CLANG_WARN_UNREACHABLE_CODE = YES;
				CLANG_WARN__DUPLICATE_METHOD_MATCH = YES;
				CODE_SIGN_STYLE = Automatic;
				COPY_PHASE_STRIP = NO;
				CURRENT_PROJECT_VERSION = 1;
				DEBUG_INFORMATION_FORMAT = "dwarf-with-dsym";
				DEVELOPMENT_TEAM = "";
				ENABLE_NS_ASSERTIONS = NO;
				ENABLE_STRICT_OBJC_MSGSEND = YES;
				ENABLE_USER_SCRIPT_SANDBOXING = NO;
				GCC_C_LANGUAGE_STANDARD = gnu11;
				GCC_NO_COMMON_BLOCKS = YES;
				GCC_WARN_64_TO_32_BIT_CONVERSION = YES;
				GCC_WARN_ABOUT_RETURN_TYPE = YES_ERROR;
				GCC_WARN_UNDECLARED_SELECTOR = YES;
				GCC_WARN_UNINITIALIZED_AUTOS = YES_AGGRESSIVE;
				GCC_WARN_UNUSED_FUNCTION = YES;
				GCC_WARN_UNUSED_VARIABLE = YES;
				IPHONEOS_DEPLOYMENT_TARGET = 17.0;
				MARKETING_VERSION = 1.0.0;
				MTL_ENABLE_DEBUG_INFO = NO;
				MTL_FAST_MATH = YES;
				PRODUCT_NAME = "$(TARGET_NAME)";
				SDKROOT = iphoneos;
				SWIFT_COMPILATION_MODE = wholemodule;
				SWIFT_OPTIMIZATION_LEVEL = "-O";
				SWIFT_VERSION = 5.9;
			};
			name = Release;
		};
		442A076EDDF58076206A33BE /* Release */ = {
			isa = XCBuildConfiguration;
			buildSettings = {
				ASSETCATALOG_COMPILER_APPICON_NAME = AppIcon;
				ASSETCATALOG_COMPILER_GLOBAL_ACCENT_COLOR_NAME = AccentColor;
				CODE_SIGN_IDENTITY = "Apple Development";
				DEVELOPMENT_TEAM = J9C5T6SL6B;
				GENERATE_INFOPLIST_FILE = NO;
				INFOPLIST_FILE = LoopJournal/Info.plist;
				IPHONEOS_DEPLOYMENT_TARGET = 17.0;
				LD_RUNPATH_SEARCH_PATHS = (
					"$(inherited)",
					"@executable_path/Frameworks",
				);
				PRODUCT_BUNDLE_IDENTIFIER = com.loopjournal.app;
				SDKROOT = iphoneos;
				SUPPORTS_MAC_DESIGNED_FOR_IPHONE_IPAD = YES;
				SWIFT_EMIT_LOC_STRINGS = YES;
				TARGETED_DEVICE_FAMILY = "1,2";
			};
			name = Release;
		};
		E0EDE08DE92E4B83B8544F09 /* Debug */ = {
			isa = XCBuildConfiguration;
			buildSettings = {
				ASSETCATALOG_COMPILER_APPICON_NAME = AppIcon;
				ASSETCATALOG_COMPILER_GLOBAL_ACCENT_COLOR_NAME = AccentColor;
				CODE_SIGN_IDENTITY = "Apple Development";
				DEVELOPMENT_TEAM = J9C5T6SL6B;
				GENERATE_INFOPLIST_FILE = NO;
				INFOPLIST_FILE = LoopJournal/Info.plist;
				IPHONEOS_DEPLOYMENT_TARGET = 17.0;
				LD_RUNPATH_SEARCH_PATHS = (
					"$(inherited)",
					"@executable_path/Frameworks",
				);
				PRODUCT_BUNDLE_IDENTIFIER = com.loopjournal.app;
				SDKROOT = iphoneos;
				SUPPORTS_MAC_DESIGNED_FOR_IPHONE_IPAD = YES;
				SWIFT_EMIT_LOC_STRINGS = YES;
				TARGETED_DEVICE_FAMILY = "1,2";
			};
			name = Debug;
		};
/* End XCBuildConfiguration section */

/* Begin XCConfigurationList section */
		1B2839222490F8D7336BECDE /* Build configuration list for PBXNativeTarget "LoopJournal" */ = {
			isa = XCConfigurationList;
			buildConfigurations = (
				E0EDE08DE92E4B83B8544F09 /* Debug */,
				442A076EDDF58076206A33BE /* Release */,
			);
			defaultConfigurationIsVisible = 0;
			defaultConfigurationName = Debug;
		};
		D00F9366F8768A706124CE12 /* Build configuration list for PBXProject "LoopJournal" */ = {
			isa = XCConfigurationList;
			buildConfigurations = (
				221A6DB2402308C07D7471E1 /* Debug */,
				35332F73911B89817A4C1475 /* Release */,
			);
			defaultConfigurationIsVisible = 0;
			defaultConfigurationName = Debug;
		};
/* End XCConfigurationList section */
	};
	rootObject = 46F4038BE09807297FF81302 /* Project object */;
}
